
Microsoft Visual Studio Solution File, Format Version 12.00
# Visual Studio Version 16
VisualStudioVersion = 16.0.29926.136
MinimumVisualStudioVersion = 10.0.40219.1
Project("{2150E333-8FDC-42A3-9474-1A3956D46DE8}") = "source", "source", "{65807C31-348B-4BC0-95E0-7D7F8938A547}"
EndProject
Project("{2150E333-8FDC-42A3-9474-1A3956D46DE8}") = "test", "test", "{F10433A2-DCDF-476B-98D2-F3D9939EB5A0}"
EndProject
Project("{2150E333-8FDC-42A3-9474-1A3956D46DE8}") = "build", "build", "{2B05C482-3783-4E78-B382-561792F5197B}"
EndProject
Project("{2150E333-8FDC-42A3-9474-1A3956D46DE8}") = "CodeAnalysis", "CodeAnalysis", "{F4EC09B2-5F75-407D-AD71-4527BE778A49}"
	ProjectSection(SolutionItems) = preProject
		build\CodeAnalysis\AllRules.16.5.WithSonarLint.ruleset = build\CodeAnalysis\AllRules.16.5.WithSonarLint.ruleset
		build\BuildFiles\CustomDictionary.xml = build\BuildFiles\CustomDictionary.xml
		build\CodeAnalysis\Default.Source.16.5.WithSonarLint.ruleset = build\CodeAnalysis\Default.Source.16.5.WithSonarLint.ruleset
		build\CodeAnalysis\Default.Test.16.5.WithSonarLint.ruleset = build\CodeAnalysis\Default.Test.16.5.WithSonarLint.ruleset
		build\CodeAnalysis\README.md = build\CodeAnalysis\README.md
	EndProjectSection
EndProject
Project("{2150E333-8FDC-42A3-9474-1A3956D46DE8}") = "Solution Items", "Solution Items", "{DF33A87D-5CD8-4335-A032-3D4638C23FE2}"
	ProjectSection(SolutionItems) = preProject
		.dockerignore = .dockerignore
		.gitignore = .gitignore
		DevOps.Build.props = DevOps.Build.props
		Directory.Build.Props = Directory.Build.Props
		KnownTags.txt = KnownTags.txt
		LICENSE = LICENSE
		README.md = README.md
		TODO.md = TODO.md
	EndProjectSection
EndProject
Project("{9A19103F-16F7-4668-BE54-9A1E7A4F7556}") = "Landorphan.Common", "source\Landorphan.Common\Landorphan.Common.csproj", "{FE5437AB-EDC3-4CEB-A337-BF87A5A27A5E}"
EndProject
Project("{9A19103F-16F7-4668-BE54-9A1E7A4F7556}") = "Landorphan.Common.Tests", "test\Landorphan.Common.Tests\Landorphan.Common.Tests.csproj", "{B8A9CD3C-B9DB-4A95-BC63-D12A999966A2}"
EndProject
Project("{2150E333-8FDC-42A3-9474-1A3956D46DE8}") = "NuGet", "NuGet", "{C135F68D-7F32-431D-B746-6CDBFF7FAFD0}"
	ProjectSection(SolutionItems) = preProject
		build\NuGet\landorphan.common.nuspec = build\NuGet\landorphan.common.nuspec
	EndProjectSection
EndProject
Project("{2150E333-8FDC-42A3-9474-1A3956D46DE8}") = "BuildScripts", "BuildScripts", "{A26072B6-A1FC-4593-92C7-BCCAE4D3636A}"
	ProjectSection(SolutionItems) = preProject
		build\BuildScripts\Build-Clean.ps1 = build\BuildScripts\Build-Clean.ps1
		build\BuildScripts\Build-Debug.ps1 = build\BuildScripts\Build-Debug.ps1
		build\BuildScripts\Build-Release.ps1 = build\BuildScripts\Build-Release.ps1
		build\BuildScripts\Get-TestBinaryDebug.ps1 = build\BuildScripts\Get-TestBinaryDebug.ps1
		build\BuildScripts\Get-TestBinaryRelease.ps1 = build\BuildScripts\Get-TestBinaryRelease.ps1
		build\BuildScripts\README.md = build\BuildScripts\README.md
		build\BuildScripts\Test-Debug.ps1 = build\BuildScripts\Test-Debug.ps1
		build\BuildScripts\Test-Release.ps1 = build\BuildScripts\Test-Release.ps1
	EndProjectSection
EndProject
Project("{2150E333-8FDC-42A3-9474-1A3956D46DE8}") = "JetBrains", "JetBrains", "{67961812-E21E-481A-8D1B-D734D80E0064}"
EndProject
Project("{2150E333-8FDC-42A3-9474-1A3956D46DE8}") = "Layout", "Layout", "{026B55B7-7281-427F-9232-BFC39105F945}"
	ProjectSection(SolutionItems) = preProject
		build\JetBrains\Layout\ResharperLayout.Current.xml = build\JetBrains\Layout\ResharperLayout.Current.xml
		build\JetBrains\Layout\ResharperLayout.Editing.xml = build\JetBrains\Layout\ResharperLayout.Editing.xml
		build\JetBrains\Layout\ResharperLayoutFull.2018.1.4.WithoutRegions.xml = build\JetBrains\Layout\ResharperLayoutFull.2018.1.4.WithoutRegions.xml
		build\JetBrains\Layout\ResharperLayoutFull.2018.2.3.WithoutRegions.xml = build\JetBrains\Layout\ResharperLayoutFull.2018.2.3.WithoutRegions.xml
		build\JetBrains\Layout\ResharperLayoutFull.2018.3.2.WithoutRegions.xml = build\JetBrains\Layout\ResharperLayoutFull.2018.3.2.WithoutRegions.xml
		build\JetBrains\Layout\ResharperLayoutFull.2018.3.3.WithoutRegions.xml = build\JetBrains\Layout\ResharperLayoutFull.2018.3.3.WithoutRegions.xml
	EndProjectSection
EndProject
Project("{2150E333-8FDC-42A3-9474-1A3956D46DE8}") = "Rider", "Rider", "{75D576F8-5F1B-4BC8-AE46-41AF0A731383}"
	ProjectSection(SolutionItems) = preProject
		build\JetBrains\Rider\JetBrains.Rider.Settings.FromLinux.zip = build\JetBrains\Rider\JetBrains.Rider.Settings.FromLinux.zip
		build\JetBrains\Rider\JetBrains.Rider.Settings.FromWindows.jar = build\JetBrains\Rider\JetBrains.Rider.Settings.FromWindows.jar
	EndProjectSection
EndProject
Global
	GlobalSection(SolutionConfigurationPlatforms) = preSolution
		Debug|Any CPU = Debug|Any CPU
		Release|Any CPU = Release|Any CPU
	EndGlobalSection
	GlobalSection(ProjectConfigurationPlatforms) = postSolution
		{FE5437AB-EDC3-4CEB-A337-BF87A5A27A5E}.Debug|Any CPU.ActiveCfg = Debug|Any CPU
		{FE5437AB-EDC3-4CEB-A337-BF87A5A27A5E}.Debug|Any CPU.Build.0 = Debug|Any CPU
		{FE5437AB-EDC3-4CEB-A337-BF87A5A27A5E}.Release|Any CPU.ActiveCfg = Release|Any CPU
		{FE5437AB-EDC3-4CEB-A337-BF87A5A27A5E}.Release|Any CPU.Build.0 = Release|Any CPU
		{B8A9CD3C-B9DB-4A95-BC63-D12A999966A2}.Debug|Any CPU.ActiveCfg = Debug|Any CPU
		{B8A9CD3C-B9DB-4A95-BC63-D12A999966A2}.Debug|Any CPU.Build.0 = Debug|Any CPU
		{B8A9CD3C-B9DB-4A95-BC63-D12A999966A2}.Release|Any CPU.ActiveCfg = Release|Any CPU
		{B8A9CD3C-B9DB-4A95-BC63-D12A999966A2}.Release|Any CPU.Build.0 = Release|Any CPU
	EndGlobalSection
	GlobalSection(SolutionProperties) = preSolution
		HideSolutionNode = FALSE
	EndGlobalSection
	GlobalSection(NestedProjects) = preSolution
		{F4EC09B2-5F75-407D-AD71-4527BE778A49} = {2B05C482-3783-4E78-B382-561792F5197B}
		{FE5437AB-EDC3-4CEB-A337-BF87A5A27A5E} = {65807C31-348B-4BC0-95E0-7D7F8938A547}
		{B8A9CD3C-B9DB-4A95-BC63-D12A999966A2} = {F10433A2-DCDF-476B-98D2-F3D9939EB5A0}
		{C135F68D-7F32-431D-B746-6CDBFF7FAFD0} = {2B05C482-3783-4E78-B382-561792F5197B}
		{A26072B6-A1FC-4593-92C7-BCCAE4D3636A} = {2B05C482-3783-4E78-B382-561792F5197B}
		{67961812-E21E-481A-8D1B-D734D80E0064} = {2B05C482-3783-4E78-B382-561792F5197B}
		{026B55B7-7281-427F-9232-BFC39105F945} = {67961812-E21E-481A-8D1B-D734D80E0064}
		{75D576F8-5F1B-4BC8-AE46-41AF0A731383} = {67961812-E21E-481A-8D1B-D734D80E0064}
	EndGlobalSection
	GlobalSection(ExtensibilityGlobals) = postSolution
		SolutionGuid = {3D7A10B5-2F3A-4084-B607-852B4FB0500D}
	EndGlobalSection
EndGlobal
